
Microsoft Visual Studio Solution File, Format Version 12.00
# Visual Studio 15
VisualStudioVersion = 15.0.27130.2003
MinimumVisualStudioVersion = 10.0.40219.1
Project("{FAE04EC0-301F-11D3-BF4B-00C04F79EFBC}") = "SheepReaper.Exchange.PowerShellTests", "SheepReaper.Exchange.PowerShellTests\SheepReaper.Exchange.PowerShellTests.csproj", "{4FDF146D-A476-4DF8-A4BE-26256000C9B2}"
EndProject
Project("{9A19103F-16F7-4668-BE54-9A1E7A4F7556}") = "SheepReaper.Exchange.PowerShell", "SheepReaper.Exchange.PowerShell\SheepReaper.Exchange.PowerShell.csproj", "{66C58415-AEB6-469B-82BC-C6B201F7426F}"
EndProject
Global
	GlobalSection(SolutionConfigurationPlatforms) = preSolution
		Debug|Any CPU = Debug|Any CPU
		Release|Any CPU = Release|Any CPU
	EndGlobalSection
	GlobalSection(ProjectConfigurationPlatforms) = postSolution
		{4FDF146D-A476-4DF8-A4BE-26256000C9B2}.Debug|Any CPU.ActiveCfg = Debug|Any CPU
		{4FDF146D-A476-4DF8-A4BE-26256000C9B2}.Debug|Any CPU.Build.0 = Debug|Any CPU
		{4FDF146D-A476-4DF8-A4BE-26256000C9B2}.Release|Any CPU.ActiveCfg = Release|Any CPU
		{4FDF146D-A476-4DF8-A4BE-26256000C9B2}.Release|Any CPU.Build.0 = Release|Any CPU
		{66C58415-AEB6-469B-82BC-C6B201F7426F}.Debug|Any CPU.ActiveCfg = Debug|Any CPU
		{66C58415-AEB6-469B-82BC-C6B201F7426F}.Debug|Any CPU.Build.0 = Debug|Any CPU
		{66C58415-AEB6-469B-82BC-C6B201F7426F}.Release|Any CPU.ActiveCfg = Release|Any CPU
		{66C58415-AEB6-469B-82BC-C6B201F7426F}.Release|Any CPU.Build.0 = Release|Any CPU
	EndGlobalSection
	GlobalSection(SolutionProperties) = preSolution
		HideSolutionNode = FALSE
	EndGlobalSection
	GlobalSection(ExtensibilityGlobals) = postSolution
		SolutionGuid = {92C18E69-69F4-4F77-9566-0CD25314D5F2}
	EndGlobalSection
EndGlobal
